
Microsoft Visual Studio Solution File, Format Version 12.00
# Visual Studio 15
VisualStudioVersion = 15.0.26403.7
MinimumVisualStudioVersion = 10.0.40219.1
Project("{FAE04EC0-301F-11D3-BF4B-00C04F79EFBC}") = "AppSecretManager", "AppSecretManager\AppSecretManager.csproj", "{CFBC19FB-F7ED-4545-AB50-972802A68726}"
EndProject
Project("{FAE04EC0-301F-11D3-BF4B-00C04F79EFBC}") = "AppSecretManagerTests", "AppSecretManagerTests\AppSecretManagerTests.csproj", "{48693F29-8E4F-4364-9ADA-B1936EE4C5FC}"
EndProject
Project("{FAE04EC0-301F-11D3-BF4B-00C04F79EFBC}") = "AppSecretManager.Core", "AppSecretManager.core\AppSecretManager.Core.csproj", "{74749C82-17AC-48B0-87B6-0E3FBE633AF9}"
EndProject
Global
	GlobalSection(SolutionConfigurationPlatforms) = preSolution
		Debug|Any CPU = Debug|Any CPU
		Release|Any CPU = Release|Any CPU
	EndGlobalSection
	GlobalSection(ProjectConfigurationPlatforms) = postSolution
		{CFBC19FB-F7ED-4545-AB50-972802A68726}.Debug|Any CPU.ActiveCfg = Debug|Any CPU
		{CFBC19FB-F7ED-4545-AB50-972802A68726}.Debug|Any CPU.Build.0 = Debug|Any CPU
		{CFBC19FB-F7ED-4545-AB50-972802A68726}.Release|Any CPU.ActiveCfg = Release|Any CPU
		{CFBC19FB-F7ED-4545-AB50-972802A68726}.Release|Any CPU.Build.0 = Release|Any CPU
		{48693F29-8E4F-4364-9ADA-B1936EE4C5FC}.Debug|Any CPU.ActiveCfg = Debug|Any CPU
		{48693F29-8E4F-4364-9ADA-B1936EE4C5FC}.Debug|Any CPU.Build.0 = Debug|Any CPU
		{48693F29-8E4F-4364-9ADA-B1936EE4C5FC}.Release|Any CPU.ActiveCfg = Release|Any CPU
		{48693F29-8E4F-4364-9ADA-B1936EE4C5FC}.Release|Any CPU.Build.0 = Release|Any CPU
		{74749C82-17AC-48B0-87B6-0E3FBE633AF9}.Debug|Any CPU.ActiveCfg = Debug|Any CPU
		{74749C82-17AC-48B0-87B6-0E3FBE633AF9}.Debug|Any CPU.Build.0 = Debug|Any CPU
		{74749C82-17AC-48B0-87B6-0E3FBE633AF9}.Release|Any CPU.ActiveCfg = Release|Any CPU
		{74749C82-17AC-48B0-87B6-0E3FBE633AF9}.Release|Any CPU.Build.0 = Release|Any CPU
	EndGlobalSection
	GlobalSection(SolutionProperties) = preSolution
		HideSolutionNode = FALSE
	EndGlobalSection
EndGlobal
